PODS:
  - Alamofire (5.4.1)
  - SPAlert (3.0.2)

DEPENDENCIES:
  - Alamofire
  - SPAlert

SPEC REPOS:
  trunk:
    - Alamofire
    - SPAlert

SPEC CHECKSUMS:
  Alamofire: 2291f7d21ca607c491dd17642e5d40fdcda0e65c
  SPAlert: cca658fa8be444f87f8228717410d4a8786b8178

PODFILE CHECKSUM: 9592840aebdf0123ac1d20ea7ad5fd53962e52e1

COCOAPODS: 1.9.1
